
Microsoft Visual Studio Solution File, Format Version 12.00
# Visual Studio Version 16
VisualStudioVersion = 16.0.29318.209
MinimumVisualStudioVersion = 10.0.40219.1
Project("{9A19103F-16F7-4668-BE54-9A1E7A4F7556}") = "Engine", "Engine\Engine.csproj", "{83D83AF2-576D-47FE-A33D-968356807DCE}"
EndProject
Project("{9A19103F-16F7-4668-BE54-9A1E7A4F7556}") = "DataSim", "DataSim\DataSim.csproj", "{0040AF1C-4856-4995-9C25-FBB339128C17}"
EndProject
Global
	GlobalSection(SolutionConfigurationPlatforms) = preSolution
		Debug|Any CPU = Debug|Any CPU
		Release|Any CPU = Release|Any CPU
	EndGlobalSection
	GlobalSection(ProjectConfigurationPlatforms) = postSolution
		{83D83AF2-576D-47FE-A33D-968356807DCE}.Debug|Any CPU.ActiveCfg = Release|Any CPU
		{83D83AF2-576D-47FE-A33D-968356807DCE}.Debug|Any CPU.Build.0 = Release|Any CPU
		{83D83AF2-576D-47FE-A33D-968356807DCE}.Release|Any CPU.ActiveCfg = Release|Any CPU
		{83D83AF2-576D-47FE-A33D-968356807DCE}.Release|Any CPU.Build.0 = Release|Any CPU
		{0040AF1C-4856-4995-9C25-FBB339128C17}.Debug|Any CPU.ActiveCfg = Release|Any CPU
		{0040AF1C-4856-4995-9C25-FBB339128C17}.Debug|Any CPU.Build.0 = Release|Any CPU
		{0040AF1C-4856-4995-9C25-FBB339128C17}.Release|Any CPU.ActiveCfg = Release|Any CPU
		{0040AF1C-4856-4995-9C25-FBB339128C17}.Release|Any CPU.Build.0 = Release|Any CPU
	EndGlobalSection
	GlobalSection(SolutionProperties) = preSolution
		HideSolutionNode = FALSE
	EndGlobalSection
	GlobalSection(ExtensibilityGlobals) = postSolution
		SolutionGuid = {1EBFA9D1-116D-4D0B-878B-E527FF645E90}
	EndGlobalSection
EndGlobal
